{
  "lib/LayerZero-v2": {
    "rev": "9c741e7f9790639537b1710a203bcdfd73b0b9ac"
  },
  "lib/chainlink-evm": {
    "tag": {
      "name": "v0.3.3",
      "rev": "793106cd598da8b2762958880300787b0b361fa1"
    }
  },
  "lib/devtools": {
    "rev": "128b697838f4b0fd53ae748093fd66cc409ae5c4"
  },
  "lib/forge-std": {
    "tag": {
      "name": "v1.15.0",
      "rev": "0844d7e1fc5e60d77b68e469bff60265f236c398"
    }
  },
  "lib/openzeppelin-contracts": {
    "tag": {
      "name": "v4.9.6",
      "rev": "dc44c9f1a4c3b10af99492eed84f83ed244203f6"
    }
  },
  "lib/prb-math": {
    "tag": {
      "name": "v4.1.1",
      "rev": "b51e8631ed28d3cc917c491dd47cd6c3ff652edc"
    }
  },
  "lib/solidity-bytes-utils": {
    "tag": {
      "name": "v0.8.4",
      "rev": "f4413cd6137b78403e3a1156bee6aceab46b46fa"
    }
  }
}